
Microsoft Visual Studio Solution File, Format Version 12.00
# Visual Studio Version 16
VisualStudioVersion = 16.0.31515.178
MinimumVisualStudioVersion = 10.0.40219.1
Project("{FAE04EC0-301F-11D3-BF4B-00C04F79EFBC}") = "APBD3", "APBD3\APBD3.csproj", "{FB8AA370-FE6A-46B4-B22B-86635DFF54FF}"
EndProject
Global
	GlobalSection(SolutionConfigurationPlatforms) = preSolution
		Debug|Any CPU = Debug|Any CPU
		Release|Any CPU = Release|Any CPU
	EndGlobalSection
	GlobalSection(ProjectConfigurationPlatforms) = postSolution
		{FB8AA370-FE6A-46B4-B22B-86635DFF54FF}.Debug|Any CPU.ActiveCfg = Debug|Any CPU
		{FB8AA370-FE6A-46B4-B22B-86635DFF54FF}.Debug|Any CPU.Build.0 = Debug|Any CPU
		{FB8AA370-FE6A-46B4-B22B-86635DFF54FF}.Release|Any CPU.ActiveCfg = Release|Any CPU
		{FB8AA370-FE6A-46B4-B22B-86635DFF54FF}.Release|Any CPU.Build.0 = Release|Any CPU
	EndGlobalSection
	GlobalSection(SolutionProperties) = preSolution
		HideSolutionNode = FALSE
	EndGlobalSection
	GlobalSection(ExtensibilityGlobals) = postSolution
		SolutionGuid = {AACAD614-069B-491E-B706-F1FF2E8E9FAC}
	EndGlobalSection
EndGlobal
